
Microsoft Visual Studio Solution File, Format Version 12.00
# Visual Studio 15
VisualStudioVersion = 15.0.26228.4
MinimumVisualStudioVersion = 10.0.40219.1
Project("{9A19103F-16F7-4668-BE54-9A1E7A4F7556}") = "NetCoreCMS.Web", "NetCoreCMS.Web\NetCoreCMS.Web.csproj", "{C70650CC-0C6D-4750-B12D-211AE44EE512}"
EndProject
Project("{FAE04EC0-301F-11D3-BF4B-00C04F79EFBC}") = "NetCoreCMS.Framework", "NetCoreCMS.Framework\NetCoreCMS.Framework.csproj", "{1A779826-FF33-4685-A71F-91CD05D268CB}"
EndProject
Global
	GlobalSection(SolutionConfigurationPlatforms) = preSolution
		Debug|Any CPU = Debug|Any CPU
		Release|Any CPU = Release|Any CPU
	EndGlobalSection
	GlobalSection(ProjectConfigurationPlatforms) = postSolution
		{C70650CC-0C6D-4750-B12D-211AE44EE512}.Debug|Any CPU.ActiveCfg = Debug|Any CPU
		{C70650CC-0C6D-4750-B12D-211AE44EE512}.Debug|Any CPU.Build.0 = Debug|Any CPU
		{C70650CC-0C6D-4750-B12D-211AE44EE512}.Release|Any CPU.ActiveCfg = Release|Any CPU
		{C70650CC-0C6D-4750-B12D-211AE44EE512}.Release|Any CPU.Build.0 = Release|Any CPU
		{1A779826-FF33-4685-A71F-91CD05D268CB}.Debug|Any CPU.ActiveCfg = Debug|Any CPU
		{1A779826-FF33-4685-A71F-91CD05D268CB}.Debug|Any CPU.Build.0 = Debug|Any CPU
		{1A779826-FF33-4685-A71F-91CD05D268CB}.Release|Any CPU.ActiveCfg = Release|Any CPU
		{1A779826-FF33-4685-A71F-91CD05D268CB}.Release|Any CPU.Build.0 = Release|Any CPU
	EndGlobalSection
	GlobalSection(SolutionProperties) = preSolution
		HideSolutionNode = FALSE
	EndGlobalSection
EndGlobal
