
Microsoft Visual Studio Solution File, Format Version 12.00
# Visual Studio 15
VisualStudioVersion = 15.0.26430.6
MinimumVisualStudioVersion = 10.0.40219.1
Project("{2150E333-8FDC-42A3-9474-1A3956D46DE8}") = "Modules", "Modules", "{BDDA4695-6AA7-4A2D-A82E-33C64576477D}"
EndProject
Project("{2150E333-8FDC-42A3-9474-1A3956D46DE8}") = "Themes", "Themes", "{0C40B021-EF98-444C-9CCB-38B35ED10100}"
EndProject
Project("{9A19103F-16F7-4668-BE54-9A1E7A4F7556}") = "NetCoreCMS.Web", "NetCoreCMS.Web\NetCoreCMS.Web.csproj", "{A19A3DF3-6EE4-4DCA-BB2B-B589BC43794C}"
EndProject
Project("{2150E333-8FDC-42A3-9474-1A3956D46DE8}") = "Core", "Core", "{6F492190-BD43-43F1-8512-26701469FB7E}"
EndProject
Project("{9A19103F-16F7-4668-BE54-9A1E7A4F7556}") = "NetCoreCMS.HelloWorld", "NetCoreCMS.Web\Modules\NetCoreCMS.HelloWorld\NetCoreCMS.HelloWorld.csproj", "{B66CD2A3-F119-4159-B764-857511F10452}"
EndProject
Project("{9A19103F-16F7-4668-BE54-9A1E7A4F7556}") = "NetCoreCMS.Framework", "NetCoreCMS.Framework\NetCoreCMS.Framework.csproj", "{7049C7EE-7B0B-4818-A2C7-A84EB3B1DFFB}"
EndProject
Project("{9A19103F-16F7-4668-BE54-9A1E7A4F7556}") = "NetCoreCMS.Modules.Cms", "NetCoreCMS.Web\Core\NetCoreCMS.Modules.Cms\NetCoreCMS.Modules.Cms.csproj", "{031BD144-8B96-499F-9A9F-D443223A4F28}"
EndProject
Project("{9A19103F-16F7-4668-BE54-9A1E7A4F7556}") = "NetCoreCMS.Modules.Admin", "NetCoreCMS.Web\Core\NetCoreCMS.Modules.Admin\NetCoreCMS.Modules.Admin.csproj", "{4C2A5474-E42C-4330-9E14-AD640C53D857}"
EndProject
Project("{9A19103F-16F7-4668-BE54-9A1E7A4F7556}") = "NetCoreCMS.Modules.Media", "NetCoreCMS.Web\Core\NetCoreCMS.Modules.Media\NetCoreCMS.Modules.Media.csproj", "{67554FCE-6694-4794-9F65-E57FAEB21D07}"
EndProject
Project("{9A19103F-16F7-4668-BE54-9A1E7A4F7556}") = "NetCoreCMS.Modules.Blog", "NetCoreCMS.Web\Core\NetCoreCMS.Modules.Blog\NetCoreCMS.Modules.Blog.csproj", "{F2550C70-13E5-416F-8E36-C0A6C1594A68}"
EndProject
Project("{9A19103F-16F7-4668-BE54-9A1E7A4F7556}") = "Default", "NetCoreCMS.Web\Themes\Default\Default.csproj", "{999CC508-BFAB-43BF-A8D4-F51804C997F6}"
EndProject
Project("{9A19103F-16F7-4668-BE54-9A1E7A4F7556}") = "DefaultDark", "NetCoreCMS.Web\Themes\DefaultDark\DefaultDark.csproj", "{3210BDB2-2156-4B3C-A42E-51C804984B2D}"
EndProject
Project("{9A19103F-16F7-4668-BE54-9A1E7A4F7556}") = "NetCoreCMS.Notice", "NetCoreCMS.Web\Modules\NetCoreCMS.Notice\NetCoreCMS.Notice.csproj", "{910BC005-D1B1-4734-B305-A2919F2BF6C5}"
EndProject
Global
	GlobalSection(SolutionConfigurationPlatforms) = preSolution
		Debug|Any CPU = Debug|Any CPU
		Release|Any CPU = Release|Any CPU
	EndGlobalSection
	GlobalSection(ProjectConfigurationPlatforms) = postSolution
		{A19A3DF3-6EE4-4DCA-BB2B-B589BC43794C}.Debug|Any CPU.ActiveCfg = Debug|Any CPU
		{A19A3DF3-6EE4-4DCA-BB2B-B589BC43794C}.Debug|Any CPU.Build.0 = Debug|Any CPU
		{A19A3DF3-6EE4-4DCA-BB2B-B589BC43794C}.Release|Any CPU.ActiveCfg = Release|Any CPU
		{A19A3DF3-6EE4-4DCA-BB2B-B589BC43794C}.Release|Any CPU.Build.0 = Release|Any CPU
		{B66CD2A3-F119-4159-B764-857511F10452}.Debug|Any CPU.ActiveCfg = Debug|Any CPU
		{B66CD2A3-F119-4159-B764-857511F10452}.Debug|Any CPU.Build.0 = Debug|Any CPU
		{B66CD2A3-F119-4159-B764-857511F10452}.Release|Any CPU.ActiveCfg = Release|Any CPU
		{B66CD2A3-F119-4159-B764-857511F10452}.Release|Any CPU.Build.0 = Release|Any CPU
		{7049C7EE-7B0B-4818-A2C7-A84EB3B1DFFB}.Debug|Any CPU.ActiveCfg = Debug|Any CPU
		{7049C7EE-7B0B-4818-A2C7-A84EB3B1DFFB}.Debug|Any CPU.Build.0 = Debug|Any CPU
		{7049C7EE-7B0B-4818-A2C7-A84EB3B1DFFB}.Release|Any CPU.ActiveCfg = Release|Any CPU
		{7049C7EE-7B0B-4818-A2C7-A84EB3B1DFFB}.Release|Any CPU.Build.0 = Release|Any CPU
		{031BD144-8B96-499F-9A9F-D443223A4F28}.Debug|Any CPU.ActiveCfg = Debug|Any CPU
		{031BD144-8B96-499F-9A9F-D443223A4F28}.Debug|Any CPU.Build.0 = Debug|Any CPU
		{031BD144-8B96-499F-9A9F-D443223A4F28}.Release|Any CPU.ActiveCfg = Release|Any CPU
		{031BD144-8B96-499F-9A9F-D443223A4F28}.Release|Any CPU.Build.0 = Release|Any CPU
		{4C2A5474-E42C-4330-9E14-AD640C53D857}.Debug|Any CPU.ActiveCfg = Debug|Any CPU
		{4C2A5474-E42C-4330-9E14-AD640C53D857}.Debug|Any CPU.Build.0 = Debug|Any CPU
		{4C2A5474-E42C-4330-9E14-AD640C53D857}.Release|Any CPU.ActiveCfg = Release|Any CPU
		{4C2A5474-E42C-4330-9E14-AD640C53D857}.Release|Any CPU.Build.0 = Release|Any CPU
		{67554FCE-6694-4794-9F65-E57FAEB21D07}.Debug|Any CPU.ActiveCfg = Debug|Any CPU
		{67554FCE-6694-4794-9F65-E57FAEB21D07}.Debug|Any CPU.Build.0 = Debug|Any CPU
		{67554FCE-6694-4794-9F65-E57FAEB21D07}.Release|Any CPU.ActiveCfg = Release|Any CPU
		{67554FCE-6694-4794-9F65-E57FAEB21D07}.Release|Any CPU.Build.0 = Release|Any CPU
		{F2550C70-13E5-416F-8E36-C0A6C1594A68}.Debug|Any CPU.ActiveCfg = Debug|Any CPU
		{F2550C70-13E5-416F-8E36-C0A6C1594A68}.Debug|Any CPU.Build.0 = Debug|Any CPU
		{F2550C70-13E5-416F-8E36-C0A6C1594A68}.Release|Any CPU.ActiveCfg = Release|Any CPU
		{F2550C70-13E5-416F-8E36-C0A6C1594A68}.Release|Any CPU.Build.0 = Release|Any CPU
		{999CC508-BFAB-43BF-A8D4-F51804C997F6}.Debug|Any CPU.ActiveCfg = Debug|Any CPU
		{999CC508-BFAB-43BF-A8D4-F51804C997F6}.Debug|Any CPU.Build.0 = Debug|Any CPU
		{999CC508-BFAB-43BF-A8D4-F51804C997F6}.Release|Any CPU.ActiveCfg = Release|Any CPU
		{999CC508-BFAB-43BF-A8D4-F51804C997F6}.Release|Any CPU.Build.0 = Release|Any CPU
		{3210BDB2-2156-4B3C-A42E-51C804984B2D}.Debug|Any CPU.ActiveCfg = Debug|Any CPU
		{3210BDB2-2156-4B3C-A42E-51C804984B2D}.Debug|Any CPU.Build.0 = Debug|Any CPU
		{3210BDB2-2156-4B3C-A42E-51C804984B2D}.Release|Any CPU.ActiveCfg = Release|Any CPU
		{3210BDB2-2156-4B3C-A42E-51C804984B2D}.Release|Any CPU.Build.0 = Release|Any CPU
		{910BC005-D1B1-4734-B305-A2919F2BF6C5}.Debug|Any CPU.ActiveCfg = Debug|Any CPU
		{910BC005-D1B1-4734-B305-A2919F2BF6C5}.Debug|Any CPU.Build.0 = Debug|Any CPU
		{910BC005-D1B1-4734-B305-A2919F2BF6C5}.Release|Any CPU.ActiveCfg = Release|Any CPU
		{910BC005-D1B1-4734-B305-A2919F2BF6C5}.Release|Any CPU.Build.0 = Release|Any CPU
	EndGlobalSection
	GlobalSection(SolutionProperties) = preSolution
		HideSolutionNode = FALSE
	EndGlobalSection
	GlobalSection(NestedProjects) = preSolution
		{B66CD2A3-F119-4159-B764-857511F10452} = {BDDA4695-6AA7-4A2D-A82E-33C64576477D}
		{031BD144-8B96-499F-9A9F-D443223A4F28} = {6F492190-BD43-43F1-8512-26701469FB7E}
		{4C2A5474-E42C-4330-9E14-AD640C53D857} = {6F492190-BD43-43F1-8512-26701469FB7E}
		{67554FCE-6694-4794-9F65-E57FAEB21D07} = {6F492190-BD43-43F1-8512-26701469FB7E}
		{F2550C70-13E5-416F-8E36-C0A6C1594A68} = {6F492190-BD43-43F1-8512-26701469FB7E}
		{999CC508-BFAB-43BF-A8D4-F51804C997F6} = {0C40B021-EF98-444C-9CCB-38B35ED10100}
		{3210BDB2-2156-4B3C-A42E-51C804984B2D} = {0C40B021-EF98-444C-9CCB-38B35ED10100}
		{910BC005-D1B1-4734-B305-A2919F2BF6C5} = {BDDA4695-6AA7-4A2D-A82E-33C64576477D}
	EndGlobalSection
EndGlobal
